<?xml version="1.0" encoding="utf-8"?>
<Project ToolsVersion="4.0" xmlns="http://schemas.microsoft.com/developer/msbuild/2003">
  <ItemGroup>
    <Filter Include="Source">
      <UniqueIdentifier>{d30f1d42-191e-4c73-850e-34e5f532fbbc}</UniqueIdentifier>
    </Filter>
    <Filter Include="Headers">
      <UniqueIdentifier>{576c71f2-b842-42c4-b564-0ebc6535c090}</UniqueIdentifier>
    </Filter>
    <Filter Include="Source\DateTime">
      <UniqueIdentifier>{60e438eb-7fe6-4fa8-bbf2-29436c174379}</UniqueIdentifier>
    </Filter>
    <Filter Include="Source\Bitmex">
      <UniqueIdentifier>{a6c821ea-b610-4804-9ff0-99d82cfb3e0d}</UniqueIdentifier>
    </Filter>
    <Filter Include="Headers\Bitmex">
      <UniqueIdentifier>{1780c522-8e71-4c84-9534-a52db3fd351d}</UniqueIdentifier>
    </Filter>
    <Filter Include="Headers\DateTime">
      <UniqueIdentifier>{91626909-7148-428b-a5b6-0e75cab1ff9d}</UniqueIdentifier>
    </Filter>
  </ItemGroup>
  <ItemGroup>
    <ClCompile Include="BitmexWebSocket.cpp">
      <Filter>Source\Bitmex</Filter>
    </ClCompile>
    <ClCompile Include="BitmexDeltaServer.cpp">
      <Filter>Source</Filter>
    </ClCompile>
    <ClCompile Include="DateTime.cpp">
      <Filter>Source\DateTime</Filter>
    </ClCompile>
  </ItemGroup>
  <ItemGroup>
    <ClInclude Include="pch.h">
      <Filter>Headers</Filter>
    </ClInclude>
    <ClInclude Include="BitmexWebSocket.h">
      <Filter>Headers\Bitmex</Filter>
    </ClInclude>
    <ClInclude Include="DateTime.h">
      <Filter>Headers\DateTime</Filter>
    </ClInclude>
    <ClInclude Include="date\date.h">
      <Filter>Headers\DateTime</Filter>
    </ClInclude>
  </ItemGroup>
</Project>