<?xml version="1.0" encoding="utf-8"?>
<Project ToolsVersion="4.0" xmlns="http://schemas.microsoft.com/developer/msbuild/2003">
  <ItemGroup>
    <Filter Include="Source Files">
      <UniqueIdentifier>{4FC737F1-C7A5-4376-A066-2A32D752A2FF}</UniqueIdentifier>
      <Extensions>cpp;c;cc;cxx;def;odl;idl;hpj;bat;asm;asmx</Extensions>
    </Filter>
    <Filter Include="Header Files">
      <UniqueIdentifier>{93995380-89BD-4b04-88EB-625FBE52EBFB}</UniqueIdentifier>
      <Extensions>h;hh;hpp;hxx;hm;inl;inc;ipp;xsd</Extensions>
    </Filter>
    <Filter Include="Resource Files">
      <UniqueIdentifier>{67DA6AB6-F800-4c08-8B7A-83BB121AAD01}</UniqueIdentifier>
      <Extensions>rc;ico;cur;bmp;dlg;rc2;rct;bin;rgs;gif;jpg;jpeg;jpe;resx;tiff;tif;png;wav;mfcribbon-ms</Extensions>
    </Filter>
    <Filter Include="Header Files\DateTime">
      <UniqueIdentifier>{883a5310-f4d3-4f82-847b-82d9e30ff588}</UniqueIdentifier>
    </Filter>
    <Filter Include="Source Files\DateTime">
      <UniqueIdentifier>{5376f141-4959-458f-b428-a4b797b4f7e5}</UniqueIdentifier>
    </Filter>
    <Filter Include="Header Files\BitBase">
      <UniqueIdentifier>{cdcaae43-a793-4804-896a-70bd9a874a96}</UniqueIdentifier>
    </Filter>
    <Filter Include="Source Files\BitBase">
      <UniqueIdentifier>{026c6520-761d-4ba1-b5d0-d7ba3a2ff877}</UniqueIdentifier>
    </Filter>
    <Filter Include="Header Files\Libraries">
      <UniqueIdentifier>{cd0fd6cf-beed-4d75-bb49-5f8386d45f35}</UniqueIdentifier>
    </Filter>
    <Filter Include="Source Files\Libraries">
      <UniqueIdentifier>{31958dad-2e72-4676-85d6-b0758fed1ffe}</UniqueIdentifier>
    </Filter>
    <Filter Include="Header Files\Data">
      <UniqueIdentifier>{c8372632-e7c1-4e4e-834e-855e9b328879}</UniqueIdentifier>
    </Filter>
    <Filter Include="Source Files\Data">
      <UniqueIdentifier>{8dd412cf-221c-4231-86d9-c36cd241da56}</UniqueIdentifier>
    </Filter>
    <Filter Include="Source Files\FeatureEncoder">
      <UniqueIdentifier>{0ec7d761-75da-4b01-bc24-0397a58886f0}</UniqueIdentifier>
    </Filter>
    <Filter Include="Header Files\FeatureEncoder">
      <UniqueIdentifier>{fe00bf6f-13fb-40d6-8d41-3ab290c0f02e}</UniqueIdentifier>
    </Filter>
    <Filter Include="Source Files\ReinforcementLearning">
      <UniqueIdentifier>{bc3bb557-69e6-4ba1-a0e2-1a345d861794}</UniqueIdentifier>
    </Filter>
    <Filter Include="Header Files\ReinforcementLearning">
      <UniqueIdentifier>{5da6b7ff-6da3-4759-a671-ba03a74b8a9b}</UniqueIdentifier>
    </Filter>
    <Filter Include="Source Files\Simulator">
      <UniqueIdentifier>{9337abb5-f562-48b1-9d30-2d74035128cb}</UniqueIdentifier>
    </Filter>
    <Filter Include="Header Files\Simulator">
      <UniqueIdentifier>{a180a3d8-e32f-4824-8b32-5a87d1876a5a}</UniqueIdentifier>
    </Filter>
    <Filter Include="Source Files\Trader">
      <UniqueIdentifier>{eb9ed60a-78b7-4562-b82a-aa6e8b176d09}</UniqueIdentifier>
    </Filter>
    <Filter Include="Header Files\Trader">
      <UniqueIdentifier>{602c9ebe-e693-44c4-a61e-29d8b8f6926f}</UniqueIdentifier>
    </Filter>
  </ItemGroup>
  <ItemGroup>
    <ClCompile Include="BitSim.cpp">
      <Filter>Source Files</Filter>
    </ClCompile>
    <ClCompile Include="..\..\BitLib\DateTime.cpp">
      <Filter>Source Files\DateTime</Filter>
    </ClCompile>
    <ClCompile Include="..\..\BitLib\json11\json11.cpp">
      <Filter>Source Files\Libraries</Filter>
    </ClCompile>
    <ClCompile Include="..\..\BitLib\Logger.cpp">
      <Filter>Source Files</Filter>
    </ClCompile>
    <ClCompile Include="BitBaseClient.cpp">
      <Filter>Source Files\BitBase</Filter>
    </ClCompile>
    <ClCompile Include="..\..\BitLib\Intervals.cpp">
      <Filter>Source Files\Data</Filter>
    </ClCompile>
    <ClCompile Include="..\..\BitLib\Utils.cpp">
      <Filter>Source Files</Filter>
    </ClCompile>
    <ClCompile Include="FE_DataLoader.cpp">
      <Filter>Source Files\FeatureEncoder</Filter>
    </ClCompile>
    <ClCompile Include="FE_Model.cpp">
      <Filter>Source Files\FeatureEncoder</Filter>
    </ClCompile>
    <ClCompile Include="FE_Scheduler.cpp">
      <Filter>Source Files\FeatureEncoder</Filter>
    </ClCompile>
    <ClCompile Include="FE_Training.cpp">
      <Filter>Source Files\FeatureEncoder</Filter>
    </ClCompile>
    <ClCompile Include="FE_Observations.cpp">
      <Filter>Source Files\FeatureEncoder</Filter>
    </ClCompile>
    <ClCompile Include="pch.cpp">
      <Filter>Source Files</Filter>
    </ClCompile>
    <ClCompile Include="FE_Inference.cpp">
      <Filter>Source Files\FeatureEncoder</Filter>
    </ClCompile>
    <ClCompile Include="RL_Action.cpp">
      <Filter>Source Files\ReinforcementLearning</Filter>
    </ClCompile>
    <ClCompile Include="RL_State.cpp">
      <Filter>Source Files\ReinforcementLearning</Filter>
    </ClCompile>
    <ClCompile Include="RL_Trader.cpp">
      <Filter>Source Files\ReinforcementLearning</Filter>
    </ClCompile>
    <ClCompile Include="RL_SAC.cpp">
      <Filter>Source Files\ReinforcementLearning</Filter>
    </ClCompile>
    <ClCompile Include="RL_Algorithm.cpp">
      <Filter>Source Files\ReinforcementLearning</Filter>
    </ClCompile>
    <ClCompile Include="BitmexSimulator.cpp">
      <Filter>Source Files\Simulator</Filter>
    </ClCompile>
    <ClCompile Include="BitmexTrader.cpp">
      <Filter>Source Files\Trader</Filter>
    </ClCompile>
  </ItemGroup>
  <ItemGroup>
    <ClInclude Include="..\..\BitLib\DateTime.h">
      <Filter>Header Files\DateTime</Filter>
    </ClInclude>
    <ClInclude Include="..\..\BitLib\json11\json11.hpp">
      <Filter>Header Files\Libraries</Filter>
    </ClInclude>
    <ClInclude Include="..\..\BitLib\Logger.h">
      <Filter>Header Files</Filter>
    </ClInclude>
    <ClInclude Include="..\..\BitLib\date\date.h">
      <Filter>Header Files\DateTime</Filter>
    </ClInclude>
    <ClInclude Include="..\..\BitLib\BitBotConstants.h">
      <Filter>Header Files</Filter>
    </ClInclude>
    <ClInclude Include="BitBaseClient.h">
      <Filter>Header Files\BitBase</Filter>
    </ClInclude>
    <ClInclude Include="..\..\BitLib\Intervals.h">
      <Filter>Header Files\Data</Filter>
    </ClInclude>
    <ClInclude Include="..\..\BitLib\Utils.h">
      <Filter>Header Files</Filter>
    </ClInclude>
    <ClInclude Include="FE_DataLoader.h">
      <Filter>Header Files\FeatureEncoder</Filter>
    </ClInclude>
    <ClInclude Include="FE_Model.h">
      <Filter>Header Files\FeatureEncoder</Filter>
    </ClInclude>
    <ClInclude Include="FE_Scheduler.h">
      <Filter>Header Files\FeatureEncoder</Filter>
    </ClInclude>
    <ClInclude Include="FE_Training.h">
      <Filter>Header Files\FeatureEncoder</Filter>
    </ClInclude>
    <ClInclude Include="FE_Observations.h">
      <Filter>Header Files\FeatureEncoder</Filter>
    </ClInclude>
    <ClInclude Include="pch.h">
      <Filter>Header Files</Filter>
    </ClInclude>
    <ClInclude Include="FE_Inference.h">
      <Filter>Header Files\FeatureEncoder</Filter>
    </ClInclude>
    <ClInclude Include="RL_Action.h">
      <Filter>Header Files\ReinforcementLearning</Filter>
    </ClInclude>
    <ClInclude Include="RL_State.h">
      <Filter>Header Files\ReinforcementLearning</Filter>
    </ClInclude>
    <ClInclude Include="RL_Trader.h">
      <Filter>Header Files\ReinforcementLearning</Filter>
    </ClInclude>
    <ClInclude Include="RL_SAC.h">
      <Filter>Header Files\ReinforcementLearning</Filter>
    </ClInclude>
    <ClInclude Include="RL_Algorithm.h">
      <Filter>Header Files\ReinforcementLearning</Filter>
    </ClInclude>
    <ClInclude Include="BitmexSimulator.h">
      <Filter>Header Files\Simulator</Filter>
    </ClInclude>
    <ClInclude Include="BitmexTrader.h">
      <Filter>Header Files\Trader</Filter>
    </ClInclude>
  </ItemGroup>
</Project>