<?xml version="1.0" encoding="utf-8"?>
<Project ToolsVersion="4.0" xmlns="http://schemas.microsoft.com/developer/msbuild/2003">
  <ItemGroup>
    <Filter Include="Source Files">
      <UniqueIdentifier>{4FC737F1-C7A5-4376-A066-2A32D752A2FF}</UniqueIdentifier>
      <Extensions>cpp;c;cc;cxx;def;odl;idl;hpj;bat;asm;asmx</Extensions>
    </Filter>
    <Filter Include="Header Files">
      <UniqueIdentifier>{93995380-89BD-4b04-88EB-625FBE52EBFB}</UniqueIdentifier>
      <Extensions>h;hh;hpp;hxx;hm;inl;inc;ipp;xsd</Extensions>
    </Filter>
    <Filter Include="Resource Files">
      <UniqueIdentifier>{67DA6AB6-F800-4c08-8B7A-83BB121AAD01}</UniqueIdentifier>
      <Extensions>rc;ico;cur;bmp;dlg;rc2;rct;bin;rgs;gif;jpg;jpeg;jpe;resx;tiff;tif;png;wav;mfcribbon-ms</Extensions>
    </Filter>
    <Filter Include="Source Files\Data">
      <UniqueIdentifier>{8dd412cf-221c-4231-86d9-c36cd241da56}</UniqueIdentifier>
    </Filter>
    <Filter Include="Source Files\FeatureEncoder">
      <UniqueIdentifier>{0ec7d761-75da-4b01-bc24-0397a58886f0}</UniqueIdentifier>
    </Filter>
    <Filter Include="Header Files\FeatureEncoder">
      <UniqueIdentifier>{fe00bf6f-13fb-40d6-8d41-3ab290c0f02e}</UniqueIdentifier>
    </Filter>
    <Filter Include="Source Files\ReinforcementLearning">
      <UniqueIdentifier>{bc3bb557-69e6-4ba1-a0e2-1a345d861794}</UniqueIdentifier>
    </Filter>
    <Filter Include="Header Files\ReinforcementLearning">
      <UniqueIdentifier>{5da6b7ff-6da3-4759-a671-ba03a74b8a9b}</UniqueIdentifier>
    </Filter>
    <Filter Include="Source Files\Simulator">
      <UniqueIdentifier>{9337abb5-f562-48b1-9d30-2d74035128cb}</UniqueIdentifier>
    </Filter>
    <Filter Include="Header Files\Simulator">
      <UniqueIdentifier>{a180a3d8-e32f-4824-8b32-5a87d1876a5a}</UniqueIdentifier>
    </Filter>
    <Filter Include="Header Files\Trader">
      <UniqueIdentifier>{2f9e9e0d-23cb-419f-b439-c389af5d0bfc}</UniqueIdentifier>
    </Filter>
    <Filter Include="Source Files\Trader">
      <UniqueIdentifier>{a198e053-716d-42f4-bd56-6c0614f546e4}</UniqueIdentifier>
    </Filter>
    <Filter Include="Header Files\BitLib">
      <UniqueIdentifier>{e695fe9f-28f3-40ee-8235-da0f63a6da37}</UniqueIdentifier>
    </Filter>
    <Filter Include="Source Files\BitLib">
      <UniqueIdentifier>{d9ee0505-dd5c-46e2-a182-1e5e3191e362}</UniqueIdentifier>
    </Filter>
    <Filter Include="Header Files\Data">
      <UniqueIdentifier>{883a5310-f4d3-4f82-847b-82d9e30ff588}</UniqueIdentifier>
    </Filter>
    <Filter Include="Source Files\PriceDirections">
      <UniqueIdentifier>{9d62b2db-c121-44b8-832e-5f3fad77ee26}</UniqueIdentifier>
    </Filter>
    <Filter Include="Header Files\PriceDirections">
      <UniqueIdentifier>{c5f3c50a-9179-4a98-a9c4-bed18229ed38}</UniqueIdentifier>
    </Filter>
    <Filter Include="Header Files\MechanicalTrader">
      <UniqueIdentifier>{e9c214dd-83e0-49e9-baf1-5e5be3cb4f46}</UniqueIdentifier>
    </Filter>
    <Filter Include="Source Files\MechanicalTrader">
      <UniqueIdentifier>{eb20e41d-598f-4b63-9946-e77d2dda1f6f}</UniqueIdentifier>
    </Filter>
  </ItemGroup>
  <ItemGroup>
    <ClCompile Include="BitSim.cpp">
      <Filter>Source Files</Filter>
    </ClCompile>
    <ClCompile Include="FE_DataLoader.cpp">
      <Filter>Source Files\FeatureEncoder</Filter>
    </ClCompile>
    <ClCompile Include="FE_Model.cpp">
      <Filter>Source Files\FeatureEncoder</Filter>
    </ClCompile>
    <ClCompile Include="FE_Scheduler.cpp">
      <Filter>Source Files\FeatureEncoder</Filter>
    </ClCompile>
    <ClCompile Include="FE_Training.cpp">
      <Filter>Source Files\FeatureEncoder</Filter>
    </ClCompile>
    <ClCompile Include="FE_Observations.cpp">
      <Filter>Source Files\FeatureEncoder</Filter>
    </ClCompile>
    <ClCompile Include="pch.cpp">
      <Filter>Source Files</Filter>
    </ClCompile>
    <ClCompile Include="FE_Inference.cpp">
      <Filter>Source Files\FeatureEncoder</Filter>
    </ClCompile>
    <ClCompile Include="RL_Action.cpp">
      <Filter>Source Files\ReinforcementLearning</Filter>
    </ClCompile>
    <ClCompile Include="RL_State.cpp">
      <Filter>Source Files\ReinforcementLearning</Filter>
    </ClCompile>
    <ClCompile Include="RL_Trader.cpp">
      <Filter>Source Files\ReinforcementLearning</Filter>
    </ClCompile>
    <ClCompile Include="RL_SAC.cpp">
      <Filter>Source Files\ReinforcementLearning</Filter>
    </ClCompile>
    <ClCompile Include="RL_Algorithm.cpp">
      <Filter>Source Files\ReinforcementLearning</Filter>
    </ClCompile>
    <ClCompile Include="BitmexSimulator.cpp">
      <Filter>Source Files\Simulator</Filter>
    </ClCompile>
    <ClCompile Include="BitmexTrader.cpp">
      <Filter>Source Files\Trader</Filter>
    </ClCompile>
    <ClCompile Include="BitmexWebSocket.cpp">
      <Filter>Source Files\Trader</Filter>
    </ClCompile>
    <ClCompile Include="BitmexAccount.cpp">
      <Filter>Source Files\Trader</Filter>
    </ClCompile>
    <ClCompile Include="BitmexAuthentication.cpp">
      <Filter>Source Files\Trader</Filter>
    </ClCompile>
    <ClCompile Include="BitmexRestApi.cpp">
      <Filter>Source Files\Trader</Filter>
    </ClCompile>
    <ClCompile Include="LiveData.cpp">
      <Filter>Source Files\Data</Filter>
    </ClCompile>
    <ClCompile Include="RL_Policy.cpp">
      <Filter>Source Files\ReinforcementLearning</Filter>
    </ClCompile>
    <ClCompile Include="BitLib\json11\json11.cpp">
      <Filter>Source Files\BitLib</Filter>
    </ClCompile>
    <ClCompile Include="BitLib\Utils.cpp">
      <Filter>Source Files\BitLib</Filter>
    </ClCompile>
    <ClCompile Include="BitLib\Logger.cpp">
      <Filter>Source Files\BitLib</Filter>
    </ClCompile>
    <ClCompile Include="BitLib\Intervals.cpp">
      <Filter>Source Files\BitLib</Filter>
    </ClCompile>
    <ClCompile Include="BitLib\DateTime.cpp">
      <Filter>Source Files\BitLib</Filter>
    </ClCompile>
    <ClCompile Include="BitLib\BitBaseClient.cpp">
      <Filter>Source Files\BitLib</Filter>
    </ClCompile>
    <ClCompile Include="BitLib\Ticks.cpp">
      <Filter>Source Files\BitLib</Filter>
    </ClCompile>
    <ClCompile Include="PD_Events.cpp">
      <Filter>Source Files\PriceDirections</Filter>
    </ClCompile>
    <ClCompile Include="MT_Evaluator.cpp">
      <Filter>Source Files\MechanicalTrader</Filter>
    </ClCompile>
    <ClCompile Include="MT_Policy.cpp">
      <Filter>Source Files\MechanicalTrader</Filter>
    </ClCompile>
    <ClCompile Include="MT_Action.cpp">
      <Filter>Source Files\MechanicalTrader</Filter>
    </ClCompile>
  </ItemGroup>
  <ItemGroup>
    <ClInclude Include="FE_DataLoader.h">
      <Filter>Header Files\FeatureEncoder</Filter>
    </ClInclude>
    <ClInclude Include="FE_Model.h">
      <Filter>Header Files\FeatureEncoder</Filter>
    </ClInclude>
    <ClInclude Include="FE_Scheduler.h">
      <Filter>Header Files\FeatureEncoder</Filter>
    </ClInclude>
    <ClInclude Include="FE_Training.h">
      <Filter>Header Files\FeatureEncoder</Filter>
    </ClInclude>
    <ClInclude Include="FE_Observations.h">
      <Filter>Header Files\FeatureEncoder</Filter>
    </ClInclude>
    <ClInclude Include="pch.h">
      <Filter>Header Files</Filter>
    </ClInclude>
    <ClInclude Include="FE_Inference.h">
      <Filter>Header Files\FeatureEncoder</Filter>
    </ClInclude>
    <ClInclude Include="RL_Action.h">
      <Filter>Header Files\ReinforcementLearning</Filter>
    </ClInclude>
    <ClInclude Include="RL_State.h">
      <Filter>Header Files\ReinforcementLearning</Filter>
    </ClInclude>
    <ClInclude Include="RL_Trader.h">
      <Filter>Header Files\ReinforcementLearning</Filter>
    </ClInclude>
    <ClInclude Include="RL_SAC.h">
      <Filter>Header Files\ReinforcementLearning</Filter>
    </ClInclude>
    <ClInclude Include="RL_Algorithm.h">
      <Filter>Header Files\ReinforcementLearning</Filter>
    </ClInclude>
    <ClInclude Include="BitmexSimulator.h">
      <Filter>Header Files\Simulator</Filter>
    </ClInclude>
    <ClInclude Include="BitmexTrader.h">
      <Filter>Header Files\Trader</Filter>
    </ClInclude>
    <ClInclude Include="BitmexWebSocket.h">
      <Filter>Header Files\Trader</Filter>
    </ClInclude>
    <ClInclude Include="BitmexAccount.h">
      <Filter>Header Files\Trader</Filter>
    </ClInclude>
    <ClInclude Include="BitmexAuthentication.h">
      <Filter>Header Files\Trader</Filter>
    </ClInclude>
    <ClInclude Include="BitmexRestApi.h">
      <Filter>Header Files\Trader</Filter>
    </ClInclude>
    <ClInclude Include="LiveData.h">
      <Filter>Header Files\Data</Filter>
    </ClInclude>
    <ClInclude Include="RL_Policy.h">
      <Filter>Header Files\ReinforcementLearning</Filter>
    </ClInclude>
    <ClInclude Include="BitLib\Utils.h">
      <Filter>Header Files\BitLib</Filter>
    </ClInclude>
    <ClInclude Include="BitLib\Logger.h">
      <Filter>Header Files\BitLib</Filter>
    </ClInclude>
    <ClInclude Include="BitLib\json11\json11.hpp">
      <Filter>Header Files\BitLib</Filter>
    </ClInclude>
    <ClInclude Include="BitLib\date\date.h">
      <Filter>Header Files\BitLib</Filter>
    </ClInclude>
    <ClInclude Include="BitLib\DateTime.h">
      <Filter>Header Files\BitLib</Filter>
    </ClInclude>
    <ClInclude Include="BitLib\Intervals.h">
      <Filter>Header Files\BitLib</Filter>
    </ClInclude>
    <ClInclude Include="BitLib\BitBotConstants.h">
      <Filter>Header Files\BitLib</Filter>
    </ClInclude>
    <ClInclude Include="BitLib\BitBaseClient.h">
      <Filter>Header Files\BitLib</Filter>
    </ClInclude>
    <ClInclude Include="BitLib\Ticks.h">
      <Filter>Header Files\BitLib</Filter>
    </ClInclude>
    <ClInclude Include="PD_Events.h">
      <Filter>Header Files\PriceDirections</Filter>
    </ClInclude>
    <ClInclude Include="MT_Evaluator.h">
      <Filter>Header Files\MechanicalTrader</Filter>
    </ClInclude>
    <ClInclude Include="MT_Policy.h">
      <Filter>Header Files\MechanicalTrader</Filter>
    </ClInclude>
    <ClInclude Include="MT_Action.h">
      <Filter>Header Files\MechanicalTrader</Filter>
    </ClInclude>
  </ItemGroup>
</Project>