<?xml version="1.0" encoding="utf-8"?>
<Project ToolsVersion="4.0" xmlns="http://schemas.microsoft.com/developer/msbuild/2003">
  <ItemGroup>
    <Filter Include="Source Files">
      <UniqueIdentifier>{4FC737F1-C7A5-4376-A066-2A32D752A2FF}</UniqueIdentifier>
      <Extensions>cpp;c;cc;cxx;def;odl;idl;hpj;bat;asm;asmx</Extensions>
    </Filter>
    <Filter Include="Header Files">
      <UniqueIdentifier>{93995380-89BD-4b04-88EB-625FBE52EBFB}</UniqueIdentifier>
      <Extensions>h;hh;hpp;hxx;hm;inl;inc;ipp;xsd</Extensions>
    </Filter>
    <Filter Include="Resource Files">
      <UniqueIdentifier>{67DA6AB6-F800-4c08-8B7A-83BB121AAD01}</UniqueIdentifier>
      <Extensions>rc;ico;cur;bmp;dlg;rc2;rct;bin;rgs;gif;jpg;jpeg;jpe;resx;tiff;tif;png;wav;mfcribbon-ms</Extensions>
    </Filter>
    <Filter Include="Header Files\DateTime">
      <UniqueIdentifier>{883a5310-f4d3-4f82-847b-82d9e30ff588}</UniqueIdentifier>
    </Filter>
    <Filter Include="Source Files\DateTime">
      <UniqueIdentifier>{5376f141-4959-458f-b428-a4b797b4f7e5}</UniqueIdentifier>
    </Filter>
    <Filter Include="Header Files\BitBase">
      <UniqueIdentifier>{cdcaae43-a793-4804-896a-70bd9a874a96}</UniqueIdentifier>
    </Filter>
    <Filter Include="Source Files\BitBase">
      <UniqueIdentifier>{026c6520-761d-4ba1-b5d0-d7ba3a2ff877}</UniqueIdentifier>
    </Filter>
    <Filter Include="Header Files\Libraries">
      <UniqueIdentifier>{cd0fd6cf-beed-4d75-bb49-5f8386d45f35}</UniqueIdentifier>
    </Filter>
    <Filter Include="Source Files\Libraries">
      <UniqueIdentifier>{31958dad-2e72-4676-85d6-b0758fed1ffe}</UniqueIdentifier>
    </Filter>
  </ItemGroup>
  <ItemGroup>
    <ClCompile Include="BitSim.cpp">
      <Filter>Source Files</Filter>
    </ClCompile>
    <ClCompile Include="Logger.cpp">
      <Filter>Source Files</Filter>
    </ClCompile>
    <ClCompile Include="DateTime.cpp">
      <Filter>Source Files\DateTime</Filter>
    </ClCompile>
    <ClCompile Include="BitBase.cpp">
      <Filter>Source Files\BitBase</Filter>
    </ClCompile>
    <ClCompile Include="json11.cpp">
      <Filter>Source Files\Libraries</Filter>
    </ClCompile>
  </ItemGroup>
  <ItemGroup>
    <ClInclude Include="Logger.h">
      <Filter>Header Files</Filter>
    </ClInclude>
    <ClInclude Include="date.h">
      <Filter>Header Files\DateTime</Filter>
    </ClInclude>
    <ClInclude Include="DateTime.h">
      <Filter>Header Files\DateTime</Filter>
    </ClInclude>
    <ClInclude Include="BitSimConstants.h">
      <Filter>Header Files</Filter>
    </ClInclude>
    <ClInclude Include="BitBase.h">
      <Filter>Header Files\BitBase</Filter>
    </ClInclude>
    <ClInclude Include="json.hpp">
      <Filter>Header Files\BitBase</Filter>
    </ClInclude>
    <ClInclude Include="json11.hpp">
      <Filter>Header Files\Libraries</Filter>
    </ClInclude>
  </ItemGroup>
</Project>