
Microsoft Visual Studio Solution File, Format Version 12.00
# Visual Studio Version 16
VisualStudioVersion = 16.0.30204.135
MinimumVisualStudioVersion = 10.0.40219.1
Project("{8BC9CEB8-8B4A-11D0-8D11-00A0C91BC942}") = "BitTest", "BitTest\BitTest.vcxproj", "{90E6A08C-B936-4F15-9E91-623BAFE7F7E8}"
EndProject
Global
	GlobalSection(SolutionConfigurationPlatforms) = preSolution
		Debug|x64 = Debug|x64
		Release|x64 = Release|x64
	EndGlobalSection
	GlobalSection(ProjectConfigurationPlatforms) = postSolution
		{90E6A08C-B936-4F15-9E91-623BAFE7F7E8}.Debug|x64.ActiveCfg = Debug|x64
		{90E6A08C-B936-4F15-9E91-623BAFE7F7E8}.Debug|x64.Build.0 = Debug|x64
		{90E6A08C-B936-4F15-9E91-623BAFE7F7E8}.Release|x64.ActiveCfg = Release|x64
		{90E6A08C-B936-4F15-9E91-623BAFE7F7E8}.Release|x64.Build.0 = Release|x64
	EndGlobalSection
	GlobalSection(SolutionProperties) = preSolution
		HideSolutionNode = FALSE
	EndGlobalSection
	GlobalSection(ExtensibilityGlobals) = postSolution
		SolutionGuid = {6D882BDF-126D-4EBE-AD45-24C051C04273}
	EndGlobalSection
EndGlobal
