<?xml version="1.0" encoding="utf-8"?>
<Project ToolsVersion="4.0" xmlns="http://schemas.microsoft.com/developer/msbuild/2003">
  <ItemGroup>
    <Filter Include="Source Files">
      <UniqueIdentifier>{4FC737F1-C7A5-4376-A066-2A32D752A2FF}</UniqueIdentifier>
      <Extensions>cpp;c;cc;cxx;def;odl;idl;hpj;bat;asm;asmx</Extensions>
    </Filter>
    <Filter Include="Header Files">
      <UniqueIdentifier>{93995380-89BD-4b04-88EB-625FBE52EBFB}</UniqueIdentifier>
      <Extensions>h;hh;hpp;hxx;hm;inl;inc;ipp;xsd</Extensions>
    </Filter>
    <Filter Include="Resource Files">
      <UniqueIdentifier>{67DA6AB6-F800-4c08-8B7A-83BB121AAD01}</UniqueIdentifier>
      <Extensions>rc;ico;cur;bmp;dlg;rc2;rct;bin;rgs;gif;jpg;jpeg;jpe;resx;tiff;tif;png;wav;mfcribbon-ms</Extensions>
    </Filter>
    <Filter Include="Header Files\DateTime">
      <UniqueIdentifier>{f92df73a-805b-4a49-bedd-64addd3935df}</UniqueIdentifier>
    </Filter>
    <Filter Include="Header Files\DownloadManager">
      <UniqueIdentifier>{42a65f3c-d396-40a0-85b1-9bc167530c33}</UniqueIdentifier>
    </Filter>
    <Filter Include="Header Files\Bitmex">
      <UniqueIdentifier>{9d9f7eae-7a72-45b9-ad1f-3cb3597985b1}</UniqueIdentifier>
    </Filter>
    <Filter Include="Header Files\Server">
      <UniqueIdentifier>{1d7a9b7b-4814-4193-9deb-f1b30245b101}</UniqueIdentifier>
    </Filter>
    <Filter Include="Source Files\Bitmex">
      <UniqueIdentifier>{36f62c75-226e-4342-8d10-32a2d9949f44}</UniqueIdentifier>
    </Filter>
    <Filter Include="Source Files\DownloadManager">
      <UniqueIdentifier>{b22f72b8-ba1f-4579-8432-562ae8347c62}</UniqueIdentifier>
    </Filter>
    <Filter Include="Source Files\Server">
      <UniqueIdentifier>{a09e8bd8-a329-492b-ae02-ca03c8b87cde}</UniqueIdentifier>
    </Filter>
    <Filter Include="Source Files\Libraries">
      <UniqueIdentifier>{85962668-ae07-4362-bcd6-ef77e8194b61}</UniqueIdentifier>
    </Filter>
    <Filter Include="Header Files\Libraries">
      <UniqueIdentifier>{8064fb3e-dde3-4683-9bed-3e31664ddfae}</UniqueIdentifier>
    </Filter>
    <Filter Include="Source Files\DateTime">
      <UniqueIdentifier>{93cdc729-3403-49bd-b4a7-cb876d1c34d1}</UniqueIdentifier>
    </Filter>
    <Filter Include="Source Files\Data">
      <UniqueIdentifier>{5da34aeb-36b3-4bcd-ba64-32a750f19102}</UniqueIdentifier>
    </Filter>
    <Filter Include="Header Files\Data">
      <UniqueIdentifier>{484dea19-f135-421a-92bf-9e3d7f0c1417}</UniqueIdentifier>
    </Filter>
    <Filter Include="Header Files\Libraries\BitmexAPI">
      <UniqueIdentifier>{941db167-0a5e-4b44-a6b2-69a6b763d62f}</UniqueIdentifier>
    </Filter>
    <Filter Include="Source Files\Libraries\BitmexAPI">
      <UniqueIdentifier>{3fb5d0e0-79e9-4254-8543-c05982a1aa1d}</UniqueIdentifier>
    </Filter>
    <Filter Include="Source Files\Libraries\BitmexAPI\api">
      <UniqueIdentifier>{df054857-db3d-44c3-a683-6985fcec470d}</UniqueIdentifier>
    </Filter>
    <Filter Include="Source Files\Libraries\BitmexAPI\model">
      <UniqueIdentifier>{2ffb622b-f4d9-4336-8601-85cb9319e429}</UniqueIdentifier>
    </Filter>
  </ItemGroup>
  <ItemGroup>
    <ClCompile Include="BitBase.cpp">
      <Filter>Source Files</Filter>
    </ClCompile>
    <ClCompile Include="Bitmex.cpp">
      <Filter>Source Files\Bitmex</Filter>
    </ClCompile>
    <ClCompile Include="BitmexDaily.cpp">
      <Filter>Source Files\Bitmex</Filter>
    </ClCompile>
    <ClCompile Include="DownloadThread.cpp">
      <Filter>Source Files\DownloadManager</Filter>
    </ClCompile>
    <ClCompile Include="DownloadManager.cpp">
      <Filter>Source Files\DownloadManager</Filter>
    </ClCompile>
    <ClCompile Include="Database.cpp">
      <Filter>Source Files\Data</Filter>
    </ClCompile>
    <ClCompile Include="Server.cpp">
      <Filter>Source Files\Server</Filter>
    </ClCompile>
    <ClCompile Include="DownloadTask.cpp">
      <Filter>Source Files\DownloadManager</Filter>
    </ClCompile>
    <ClCompile Include="BitmexInterval.cpp">
      <Filter>Source Files\Bitmex</Filter>
    </ClCompile>
    <ClCompile Include="..\..\BitLib\DateTime.cpp">
      <Filter>Source Files\DateTime</Filter>
    </ClCompile>
    <ClCompile Include="..\..\BitLib\json11\json11.cpp">
      <Filter>Source Files\Libraries</Filter>
    </ClCompile>
    <ClCompile Include="..\..\BitLib\Logger.cpp">
      <Filter>Source Files</Filter>
    </ClCompile>
    <ClCompile Include="..\..\BitLib\Intervals.cpp">
      <Filter>Source Files\Data</Filter>
    </ClCompile>
    <ClCompile Include="..\..\BitLib\Ticks.cpp">
      <Filter>Source Files\Data</Filter>
    </ClCompile>
    <ClCompile Include="pch.cpp">
      <Filter>Source Files</Filter>
    </ClCompile>
    <ClCompile Include="..\..\BitLib\BitmexAPI\ApiClient.cpp">
      <Filter>Source Files\Libraries\BitmexAPI</Filter>
    </ClCompile>
    <ClCompile Include="..\..\BitLib\BitmexAPI\ApiConfiguration.cpp">
      <Filter>Source Files\Libraries\BitmexAPI</Filter>
    </ClCompile>
    <ClCompile Include="..\..\BitLib\BitmexAPI\ApiException.cpp">
      <Filter>Source Files\Libraries\BitmexAPI</Filter>
    </ClCompile>
    <ClCompile Include="..\..\BitLib\BitmexAPI\HttpContent.cpp">
      <Filter>Source Files\Libraries\BitmexAPI</Filter>
    </ClCompile>
    <ClCompile Include="..\..\BitLib\BitmexAPI\JsonBody.cpp">
      <Filter>Source Files\Libraries\BitmexAPI</Filter>
    </ClCompile>
    <ClCompile Include="..\..\BitLib\BitmexAPI\ModelBase.cpp">
      <Filter>Source Files\Libraries\BitmexAPI</Filter>
    </ClCompile>
    <ClCompile Include="..\..\BitLib\BitmexAPI\MultipartFormData.cpp">
      <Filter>Source Files\Libraries\BitmexAPI</Filter>
    </ClCompile>
    <ClCompile Include="..\..\BitLib\BitmexAPI\Object.cpp">
      <Filter>Source Files\Libraries\BitmexAPI</Filter>
    </ClCompile>
    <ClCompile Include="..\..\BitLib\BitmexAPI\api\LiquidationApi.cpp">
      <Filter>Source Files\Libraries\BitmexAPI\api</Filter>
    </ClCompile>
    <ClCompile Include="..\..\BitLib\BitmexAPI\api\OrderApi.cpp">
      <Filter>Source Files\Libraries\BitmexAPI\api</Filter>
    </ClCompile>
    <ClCompile Include="..\..\BitLib\BitmexAPI\api\OrderBookApi.cpp">
      <Filter>Source Files\Libraries\BitmexAPI\api</Filter>
    </ClCompile>
    <ClCompile Include="..\..\BitLib\BitmexAPI\api\PositionApi.cpp">
      <Filter>Source Files\Libraries\BitmexAPI\api</Filter>
    </ClCompile>
    <ClCompile Include="..\..\BitLib\BitmexAPI\api\QuoteApi.cpp">
      <Filter>Source Files\Libraries\BitmexAPI\api</Filter>
    </ClCompile>
    <ClCompile Include="..\..\BitLib\BitmexAPI\api\SchemaApi.cpp">
      <Filter>Source Files\Libraries\BitmexAPI\api</Filter>
    </ClCompile>
    <ClCompile Include="..\..\BitLib\BitmexAPI\api\SettlementApi.cpp">
      <Filter>Source Files\Libraries\BitmexAPI\api</Filter>
    </ClCompile>
    <ClCompile Include="..\..\BitLib\BitmexAPI\api\StatsApi.cpp">
      <Filter>Source Files\Libraries\BitmexAPI\api</Filter>
    </ClCompile>
    <ClCompile Include="..\..\BitLib\BitmexAPI\api\TradeApi.cpp">
      <Filter>Source Files\Libraries\BitmexAPI\api</Filter>
    </ClCompile>
    <ClCompile Include="..\..\BitLib\BitmexAPI\api\UserApi.cpp">
      <Filter>Source Files\Libraries\BitmexAPI\api</Filter>
    </ClCompile>
    <ClCompile Include="..\..\BitLib\BitmexAPI\api\UserEventApi.cpp">
      <Filter>Source Files\Libraries\BitmexAPI\api</Filter>
    </ClCompile>
    <ClCompile Include="..\..\BitLib\BitmexAPI\api\AnnouncementApi.cpp">
      <Filter>Source Files\Libraries\BitmexAPI\api</Filter>
    </ClCompile>
    <ClCompile Include="..\..\BitLib\BitmexAPI\api\APIKeyApi.cpp">
      <Filter>Source Files\Libraries\BitmexAPI\api</Filter>
    </ClCompile>
    <ClCompile Include="..\..\BitLib\BitmexAPI\api\ChatApi.cpp">
      <Filter>Source Files\Libraries\BitmexAPI\api</Filter>
    </ClCompile>
    <ClCompile Include="..\..\BitLib\BitmexAPI\api\ExecutionApi.cpp">
      <Filter>Source Files\Libraries\BitmexAPI\api</Filter>
    </ClCompile>
    <ClCompile Include="..\..\BitLib\BitmexAPI\api\FundingApi.cpp">
      <Filter>Source Files\Libraries\BitmexAPI\api</Filter>
    </ClCompile>
    <ClCompile Include="..\..\BitLib\BitmexAPI\api\GlobalNotificationApi.cpp">
      <Filter>Source Files\Libraries\BitmexAPI\api</Filter>
    </ClCompile>
    <ClCompile Include="..\..\BitLib\BitmexAPI\api\InstrumentApi.cpp">
      <Filter>Source Files\Libraries\BitmexAPI\api</Filter>
    </ClCompile>
    <ClCompile Include="..\..\BitLib\BitmexAPI\api\InsuranceApi.cpp">
      <Filter>Source Files\Libraries\BitmexAPI\api</Filter>
    </ClCompile>
    <ClCompile Include="..\..\BitLib\BitmexAPI\api\LeaderboardApi.cpp">
      <Filter>Source Files\Libraries\BitmexAPI\api</Filter>
    </ClCompile>
    <ClCompile Include="..\..\BitLib\BitmexAPI\model\StatsUSD.cpp">
      <Filter>Source Files\Libraries\BitmexAPI\model</Filter>
    </ClCompile>
    <ClCompile Include="..\..\BitLib\BitmexAPI\model\Trade.cpp">
      <Filter>Source Files\Libraries\BitmexAPI\model</Filter>
    </ClCompile>
    <ClCompile Include="..\..\BitLib\BitmexAPI\model\TradeBin.cpp">
      <Filter>Source Files\Libraries\BitmexAPI\model</Filter>
    </ClCompile>
    <ClCompile Include="..\..\BitLib\BitmexAPI\model\Transaction.cpp">
      <Filter>Source Files\Libraries\BitmexAPI\model</Filter>
    </ClCompile>
    <ClCompile Include="..\..\BitLib\BitmexAPI\model\User.cpp">
      <Filter>Source Files\Libraries\BitmexAPI\model</Filter>
    </ClCompile>
    <ClCompile Include="..\..\BitLib\BitmexAPI\model\UserCommissionsBySymbol.cpp">
      <Filter>Source Files\Libraries\BitmexAPI\model</Filter>
    </ClCompile>
    <ClCompile Include="..\..\BitLib\BitmexAPI\model\UserEvent.cpp">
      <Filter>Source Files\Libraries\BitmexAPI\model</Filter>
    </ClCompile>
    <ClCompile Include="..\..\BitLib\BitmexAPI\model\UserPreferences.cpp">
      <Filter>Source Files\Libraries\BitmexAPI\model</Filter>
    </ClCompile>
    <ClCompile Include="..\..\BitLib\BitmexAPI\model\Wallet.cpp">
      <Filter>Source Files\Libraries\BitmexAPI\model</Filter>
    </ClCompile>
    <ClCompile Include="..\..\BitLib\BitmexAPI\model\X-any.cpp">
      <Filter>Source Files\Libraries\BitmexAPI\model</Filter>
    </ClCompile>
    <ClCompile Include="..\..\BitLib\BitmexAPI\model\AccessToken.cpp">
      <Filter>Source Files\Libraries\BitmexAPI\model</Filter>
    </ClCompile>
    <ClCompile Include="..\..\BitLib\BitmexAPI\model\Affiliate.cpp">
      <Filter>Source Files\Libraries\BitmexAPI\model</Filter>
    </ClCompile>
    <ClCompile Include="..\..\BitLib\BitmexAPI\model\Announcement.cpp">
      <Filter>Source Files\Libraries\BitmexAPI\model</Filter>
    </ClCompile>
    <ClCompile Include="..\..\BitLib\BitmexAPI\model\APIKey.cpp">
      <Filter>Source Files\Libraries\BitmexAPI\model</Filter>
    </ClCompile>
    <ClCompile Include="..\..\BitLib\BitmexAPI\model\Chat.cpp">
      <Filter>Source Files\Libraries\BitmexAPI\model</Filter>
    </ClCompile>
    <ClCompile Include="..\..\BitLib\BitmexAPI\model\ChatChannel.cpp">
      <Filter>Source Files\Libraries\BitmexAPI\model</Filter>
    </ClCompile>
    <ClCompile Include="..\..\BitLib\BitmexAPI\model\CommunicationToken.cpp">
      <Filter>Source Files\Libraries\BitmexAPI\model</Filter>
    </ClCompile>
    <ClCompile Include="..\..\BitLib\BitmexAPI\model\ConnectedUsers.cpp">
      <Filter>Source Files\Libraries\BitmexAPI\model</Filter>
    </ClCompile>
    <ClCompile Include="..\..\BitLib\BitmexAPI\model\Error.cpp">
      <Filter>Source Files\Libraries\BitmexAPI\model</Filter>
    </ClCompile>
    <ClCompile Include="..\..\BitLib\BitmexAPI\model\Error_error.cpp">
      <Filter>Source Files\Libraries\BitmexAPI\model</Filter>
    </ClCompile>
    <ClCompile Include="..\..\BitLib\BitmexAPI\model\Execution.cpp">
      <Filter>Source Files\Libraries\BitmexAPI\model</Filter>
    </ClCompile>
    <ClCompile Include="..\..\BitLib\BitmexAPI\model\Funding.cpp">
      <Filter>Source Files\Libraries\BitmexAPI\model</Filter>
    </ClCompile>
    <ClCompile Include="..\..\BitLib\BitmexAPI\model\GlobalNotification.cpp">
      <Filter>Source Files\Libraries\BitmexAPI\model</Filter>
    </ClCompile>
    <ClCompile Include="..\..\BitLib\BitmexAPI\model\IndexComposite.cpp">
      <Filter>Source Files\Libraries\BitmexAPI\model</Filter>
    </ClCompile>
    <ClCompile Include="..\..\BitLib\BitmexAPI\model\Inline_response_200.cpp">
      <Filter>Source Files\Libraries\BitmexAPI\model</Filter>
    </ClCompile>
    <ClCompile Include="..\..\BitLib\BitmexAPI\model\Instrument.cpp">
      <Filter>Source Files\Libraries\BitmexAPI\model</Filter>
    </ClCompile>
    <ClCompile Include="..\..\BitLib\BitmexAPI\model\InstrumentInterval.cpp">
      <Filter>Source Files\Libraries\BitmexAPI\model</Filter>
    </ClCompile>
    <ClCompile Include="..\..\BitLib\BitmexAPI\model\Insurance.cpp">
      <Filter>Source Files\Libraries\BitmexAPI\model</Filter>
    </ClCompile>
    <ClCompile Include="..\..\BitLib\BitmexAPI\model\Leaderboard.cpp">
      <Filter>Source Files\Libraries\BitmexAPI\model</Filter>
    </ClCompile>
    <ClCompile Include="..\..\BitLib\BitmexAPI\model\Liquidation.cpp">
      <Filter>Source Files\Libraries\BitmexAPI\model</Filter>
    </ClCompile>
    <ClCompile Include="..\..\BitLib\BitmexAPI\model\Margin.cpp">
      <Filter>Source Files\Libraries\BitmexAPI\model</Filter>
    </ClCompile>
    <ClCompile Include="..\..\BitLib\BitmexAPI\model\Order.cpp">
      <Filter>Source Files\Libraries\BitmexAPI\model</Filter>
    </ClCompile>
    <ClCompile Include="..\..\BitLib\BitmexAPI\model\OrderBookL2.cpp">
      <Filter>Source Files\Libraries\BitmexAPI\model</Filter>
    </ClCompile>
    <ClCompile Include="..\..\BitLib\BitmexAPI\model\Position.cpp">
      <Filter>Source Files\Libraries\BitmexAPI\model</Filter>
    </ClCompile>
    <ClCompile Include="..\..\BitLib\BitmexAPI\model\Quote.cpp">
      <Filter>Source Files\Libraries\BitmexAPI\model</Filter>
    </ClCompile>
    <ClCompile Include="..\..\BitLib\BitmexAPI\model\QuoteFillRatio.cpp">
      <Filter>Source Files\Libraries\BitmexAPI\model</Filter>
    </ClCompile>
    <ClCompile Include="..\..\BitLib\BitmexAPI\model\Settlement.cpp">
      <Filter>Source Files\Libraries\BitmexAPI\model</Filter>
    </ClCompile>
    <ClCompile Include="..\..\BitLib\BitmexAPI\model\Stats.cpp">
      <Filter>Source Files\Libraries\BitmexAPI\model</Filter>
    </ClCompile>
    <ClCompile Include="..\..\BitLib\BitmexAPI\model\StatsHistory.cpp">
      <Filter>Source Files\Libraries\BitmexAPI\model</Filter>
    </ClCompile>
  </ItemGroup>
  <ItemGroup>
    <ClInclude Include="DownloadManager.h">
      <Filter>Header Files\DownloadManager</Filter>
    </ClInclude>
    <ClInclude Include="DownloadThread.h">
      <Filter>Header Files\DownloadManager</Filter>
    </ClInclude>
    <ClInclude Include="Bitmex.h">
      <Filter>Header Files\Bitmex</Filter>
    </ClInclude>
    <ClInclude Include="Database.h">
      <Filter>Header Files\Data</Filter>
    </ClInclude>
    <ClInclude Include="Server.h">
      <Filter>Header Files\Server</Filter>
    </ClInclude>
    <ClInclude Include="BitmexDaily.h">
      <Filter>Header Files\Bitmex</Filter>
    </ClInclude>
    <ClInclude Include="DownloadTask.h">
      <Filter>Header Files\DownloadManager</Filter>
    </ClInclude>
    <ClInclude Include="BitmexInterval.h">
      <Filter>Header Files\Bitmex</Filter>
    </ClInclude>
    <ClInclude Include="..\..\..\..\..\apps\vcpkg-2019.09\installed\x64-windows\include\zmq.hpp">
      <Filter>Header Files\Libraries</Filter>
    </ClInclude>
    <ClInclude Include="..\..\BitLib\DateTime.h">
      <Filter>Header Files\DateTime</Filter>
    </ClInclude>
    <ClInclude Include="..\..\BitLib\json11\json11.hpp">
      <Filter>Header Files\Libraries</Filter>
    </ClInclude>
    <ClInclude Include="..\..\BitLib\Logger.h">
      <Filter>Header Files</Filter>
    </ClInclude>
    <ClInclude Include="..\..\BitLib\Intervals.h">
      <Filter>Header Files\Data</Filter>
    </ClInclude>
    <ClInclude Include="..\..\BitLib\Ticks.h">
      <Filter>Header Files\Data</Filter>
    </ClInclude>
    <ClInclude Include="..\..\BitLib\BitBotConstants.h">
      <Filter>Header Files</Filter>
    </ClInclude>
    <ClInclude Include="..\..\BitLib\date\date.h">
      <Filter>Header Files\DateTime</Filter>
    </ClInclude>
    <ClInclude Include="pch.h">
      <Filter>Header Files</Filter>
    </ClInclude>
    <ClInclude Include="..\..\BitLib\BitmexAPI\ApiClient.h">
      <Filter>Header Files\Libraries\BitmexAPI</Filter>
    </ClInclude>
  </ItemGroup>
</Project>