<?xml version="1.0" encoding="utf-8"?>
<Project ToolsVersion="4.0" xmlns="http://schemas.microsoft.com/developer/msbuild/2003">
  <ItemGroup>
    <ClCompile Include="BitMin.cpp">
      <Filter>Source</Filter>
    </ClCompile>
    <ClCompile Include="HttpServer.cpp">
      <Filter>Source\Server</Filter>
    </ClCompile>
    <ClCompile Include="BitLib\DateTime.cpp">
      <Filter>Source\Libraries</Filter>
    </ClCompile>
    <ClCompile Include="BitLib\json11\json11.cpp">
      <Filter>Source\Libraries</Filter>
    </ClCompile>
    <ClCompile Include="HttpRouter.cpp">
      <Filter>Source\Server</Filter>
    </ClCompile>
    <ClCompile Include="DirectionEstimation.cpp">
      <Filter>Source\DirectionEstimaton</Filter>
    </ClCompile>
    <ClCompile Include="DE_Server.cpp">
      <Filter>Source\DirectionEstimaton</Filter>
    </ClCompile>
    <ClCompile Include="BitLib\Logger.cpp">
      <Filter>Source\Libraries</Filter>
    </ClCompile>
    <ClCompile Include="pch.cpp">
      <Filter>Source</Filter>
    </ClCompile>
  </ItemGroup>
  <ItemGroup>
    <Filter Include="Source">
      <UniqueIdentifier>{f4212d89-7943-4312-a24d-325c95260e2f}</UniqueIdentifier>
    </Filter>
    <Filter Include="Header">
      <UniqueIdentifier>{2095bfbe-60f3-4e1d-8b55-a5db488166a2}</UniqueIdentifier>
    </Filter>
    <Filter Include="Header\Libraries">
      <UniqueIdentifier>{a1f67921-23db-4c0f-aa21-e7d5c61fed26}</UniqueIdentifier>
    </Filter>
    <Filter Include="Source\Libraries">
      <UniqueIdentifier>{08d8d491-a16f-4f7a-a7af-8f42aa965ce3}</UniqueIdentifier>
    </Filter>
    <Filter Include="Source\Server">
      <UniqueIdentifier>{a53dfe19-6608-4435-a798-a1c3ded170e4}</UniqueIdentifier>
    </Filter>
    <Filter Include="Header\Server">
      <UniqueIdentifier>{294d1d75-8cad-46d1-8034-7fe8a6ef1399}</UniqueIdentifier>
    </Filter>
    <Filter Include="Source\DirectionEstimaton">
      <UniqueIdentifier>{9c192118-5bb4-4239-9512-4abb7af40f5a}</UniqueIdentifier>
    </Filter>
    <Filter Include="Header\DirectionEstimaton">
      <UniqueIdentifier>{55212a2b-f814-47dd-9d9c-8a64c481f97a}</UniqueIdentifier>
    </Filter>
  </ItemGroup>
  <ItemGroup>
    <ClInclude Include="pch.h">
      <Filter>Header</Filter>
    </ClInclude>
    <ClInclude Include="HttpServer.h">
      <Filter>Header\Server</Filter>
    </ClInclude>
    <ClInclude Include="BitMinConstants.h">
      <Filter>Header</Filter>
    </ClInclude>
    <ClInclude Include="BitLib\json11\json11.hpp">
      <Filter>Header\Libraries</Filter>
    </ClInclude>
    <ClInclude Include="BitLib\date\date.h">
      <Filter>Header\Libraries</Filter>
    </ClInclude>
    <ClInclude Include="BitLib\DateTime.h">
      <Filter>Header\Libraries</Filter>
    </ClInclude>
    <ClInclude Include="HttpRouter.h">
      <Filter>Header\Server</Filter>
    </ClInclude>
    <ClInclude Include="DirectionEstimation.h">
      <Filter>Header\DirectionEstimaton</Filter>
    </ClInclude>
    <ClInclude Include="DE_Server.h">
      <Filter>Header\DirectionEstimaton</Filter>
    </ClInclude>
    <ClInclude Include="BitLib\Logger.h">
      <Filter>Header\Libraries</Filter>
    </ClInclude>
  </ItemGroup>
</Project>