<?xml version="1.0" encoding="utf-8"?>
<Project ToolsVersion="4.0" xmlns="http://schemas.microsoft.com/developer/msbuild/2003">
  <ItemGroup>
    <Filter Include="Source">
      <UniqueIdentifier>{d30f1d42-191e-4c73-850e-34e5f532fbbc}</UniqueIdentifier>
    </Filter>
    <Filter Include="Headers">
      <UniqueIdentifier>{576c71f2-b842-42c4-b564-0ebc6535c090}</UniqueIdentifier>
    </Filter>
    <Filter Include="Source\DateTime">
      <UniqueIdentifier>{60e438eb-7fe6-4fa8-bbf2-29436c174379}</UniqueIdentifier>
    </Filter>
    <Filter Include="Headers\DateTime">
      <UniqueIdentifier>{91626909-7148-428b-a5b6-0e75cab1ff9d}</UniqueIdentifier>
    </Filter>
    <Filter Include="Headers\Libraries">
      <UniqueIdentifier>{8b5f290a-9a1f-4cc4-b006-7cc9d650cb42}</UniqueIdentifier>
    </Filter>
    <Filter Include="Source\Libraries">
      <UniqueIdentifier>{96739d9c-6e2b-4fcb-a9e8-18d72551e89c}</UniqueIdentifier>
    </Filter>
  </ItemGroup>
  <ItemGroup>
    <ClCompile Include="BinanceDeltaServer.cpp">
      <Filter>Source</Filter>
    </ClCompile>
    <ClCompile Include="DateTime.cpp">
      <Filter>Source\DateTime</Filter>
    </ClCompile>
    <ClCompile Include="BinanceWebSocket.cpp">
      <Filter>Source</Filter>
    </ClCompile>
    <ClCompile Include="TickData.cpp">
      <Filter>Source</Filter>
    </ClCompile>
    <ClCompile Include="Server.cpp">
      <Filter>Source</Filter>
    </ClCompile>
    <ClCompile Include="json11.cpp">
      <Filter>Source\Libraries</Filter>
    </ClCompile>
  </ItemGroup>
  <ItemGroup>
    <ClInclude Include="pch.h">
      <Filter>Headers</Filter>
    </ClInclude>
    <ClInclude Include="DateTime.h">
      <Filter>Headers\DateTime</Filter>
    </ClInclude>
    <ClInclude Include="BinanceWebSocket.h">
      <Filter>Headers</Filter>
    </ClInclude>
    <ClInclude Include="TickData.h">
      <Filter>Headers</Filter>
    </ClInclude>
    <ClInclude Include="BinanceConstants.h">
      <Filter>Headers</Filter>
    </ClInclude>
    <ClInclude Include="Server.h">
      <Filter>Headers</Filter>
    </ClInclude>
    <ClInclude Include="date\date.h">
      <Filter>Headers\Libraries</Filter>
    </ClInclude>
    <ClInclude Include="json11.hpp">
      <Filter>Headers\Libraries</Filter>
    </ClInclude>
  </ItemGroup>
</Project>